{
  "requires": true,
  "lockfileVersion": 1,
  "dependencies": {
    "lil-gui": {
      "version": "0.15.0",
      "resolved": "https://registry.npmjs.org/lil-gui/-/lil-gui-0.15.0.tgz",
      "integrity": "sha512-S2KJSkudOHpw30wry2vrFVgcI+2W1nUIhSRUDhJJK7Mbs7jaMbTVd4ayKuSfarzx8ZonTS8xOxx40NmsF44tAw==",
      "dev": true
    }
  }
}
