{
  "requires": true,
  "lockfileVersion": 1,
  "dependencies": {
    "lil-gui": {
      "version": "0.16.1",
      "resolved": "https://registry.npmjs.org/lil-gui/-/lil-gui-0.16.1.tgz",
      "integrity": "sha512-6wnnfBvQxJYRhdLyIA+w5b8utwbuVxNmtpTXElm36OSgHa8lyKp00Xz/4AEx3kvodT0AJYgbfadCFWAM0Q8DgQ=="
    }
  }
}
